
Microsoft Visual Studio Solution File, Format Version 12.00
# Visual Studio Version 16
VisualStudioVersion = 16.0.32901.82
MinimumVisualStudioVersion = 10.0.40219.1
Project("{FAE04EC0-301F-11D3-BF4B-00C04F79EFBC}") = "HiderGUI", "HiderGUI\HiderGUI.csproj", "{C839DD1B-2441-4000-B538-861055BCFCBA}"
EndProject
Global
	GlobalSection(SolutionConfigurationPlatforms) = preSolution
		Debug|Any CPU = Debug|Any CPU
		Release|Any CPU = Release|Any CPU
	EndGlobalSection
	GlobalSection(ProjectConfigurationPlatforms) = postSolution
		{C839DD1B-2441-4000-B538-861055BCFCBA}.Debug|Any CPU.ActiveCfg = Debug|Any CPU
		{C839DD1B-2441-4000-B538-861055BCFCBA}.Debug|Any CPU.Build.0 = Debug|Any CPU
		{C839DD1B-2441-4000-B538-861055BCFCBA}.Release|Any CPU.ActiveCfg = Release|Any CPU
		{C839DD1B-2441-4000-B538-861055BCFCBA}.Release|Any CPU.Build.0 = Release|Any CPU
	EndGlobalSection
	GlobalSection(SolutionProperties) = preSolution
		HideSolutionNode = FALSE
	EndGlobalSection
	GlobalSection(ExtensibilityGlobals) = postSolution
		SolutionGuid = {E78A310C-965E-476C-B3B3-1B29A8CA2E19}
	EndGlobalSection
EndGlobal
