
Microsoft Visual Studio Solution File, Format Version 12.00
# Visual Studio Version 16
VisualStudioVersion = 16.0.32901.82
MinimumVisualStudioVersion = 10.0.40219.1
Project("{FAE04EC0-301F-11D3-BF4B-00C04F79EFBC}") = "DriverHiderLib", "DriverHiderLib\DriverHiderLib.csproj", "{5366D972-78B2-49E5-96B3-2B47F4EBE8A4}"
EndProject
Global
	GlobalSection(SolutionConfigurationPlatforms) = preSolution
		Debug|Any CPU = Debug|Any CPU
		Release|Any CPU = Release|Any CPU
	EndGlobalSection
	GlobalSection(ProjectConfigurationPlatforms) = postSolution
		{5366D972-78B2-49E5-96B3-2B47F4EBE8A4}.Debug|Any CPU.ActiveCfg = Debug|Any CPU
		{5366D972-78B2-49E5-96B3-2B47F4EBE8A4}.Debug|Any CPU.Build.0 = Debug|Any CPU
		{5366D972-78B2-49E5-96B3-2B47F4EBE8A4}.Release|Any CPU.ActiveCfg = Release|Any CPU
		{5366D972-78B2-49E5-96B3-2B47F4EBE8A4}.Release|Any CPU.Build.0 = Release|Any CPU
	EndGlobalSection
	GlobalSection(SolutionProperties) = preSolution
		HideSolutionNode = FALSE
	EndGlobalSection
	GlobalSection(ExtensibilityGlobals) = postSolution
		SolutionGuid = {E5E654F4-F905-46CF-A1BE-6425F316D204}
	EndGlobalSection
EndGlobal
